
Microsoft Visual Studio Solution File, Format Version 12.00
# Visual Studio Version 17
VisualStudioVersion = 17.9.34902.65
MinimumVisualStudioVersion = 10.0.40219.1
Project("{888888A0-9F3D-457C-B088-3A5042F75D52}") = "DecodeMessage", "DecodeMessage\DecodeMessage.pyproj", "{97537715-0DD3-4EB2-A4A0-8E0D3ABEE536}"
EndProject
Global
	GlobalSection(SolutionConfigurationPlatforms) = preSolution
		Debug|Any CPU = Debug|Any CPU
		Release|Any CPU = Release|Any CPU
	EndGlobalSection
	GlobalSection(ProjectConfigurationPlatforms) = postSolution
		{97537715-0DD3-4EB2-A4A0-8E0D3ABEE536}.Debug|Any CPU.ActiveCfg = Debug|Any CPU
		{97537715-0DD3-4EB2-A4A0-8E0D3ABEE536}.Release|Any CPU.ActiveCfg = Release|Any CPU
	EndGlobalSection
	GlobalSection(SolutionProperties) = preSolution
		HideSolutionNode = FALSE
	EndGlobalSection
	GlobalSection(ExtensibilityGlobals) = postSolution
		SolutionGuid = {04DD4A91-0A9E-4CB7-B580-7B8248BCA7BE}
	EndGlobalSection
EndGlobal
